
Microsoft Visual Studio Solution File, Format Version 12.00
# Visual Studio Version 17
VisualStudioVersion = 17.14.36121.58 d17.14
MinimumVisualStudioVersion = 10.0.40219.1
Project("{2150E333-8FDC-42A3-9474-1A3956D46DE8}") = "Frontend.CBenders", "Frontend.CBenders", "{36D591C7-65C7-A0D1-1CBC-10CDE441BDC8}"
EndProject
Project("{2150E333-8FDC-42A3-9474-1A3956D46DE8}") = "Backend.Cbenders", "Backend.Cbenders", "{49C1EE71-21BA-4A6B-9902-A992AE430AB0}"
EndProject
Project("{2150E333-8FDC-42A3-9474-1A3956D46DE8}") = "Services", "Services", "{EB6D452E-D67A-4A24-8C05-400207C2A99D}"
EndProject
Project("{FAE04EC0-301F-11D3-BF4B-00C04F79EFBC}") = "CBenders.Service.Menu", "CBenders.Service.Menu\CBenders.Service.Menu.csproj", "{1C2C1286-3240-44E2-884E-C17789FA5B8A}"
EndProject
Global
	GlobalSection(SolutionConfigurationPlatforms) = preSolution
		Debug|Any CPU = Debug|Any CPU
		Release|Any CPU = Release|Any CPU
	EndGlobalSection
	GlobalSection(ProjectConfigurationPlatforms) = postSolution
		{1C2C1286-3240-44E2-884E-C17789FA5B8A}.Debug|Any CPU.ActiveCfg = Debug|Any CPU
		{1C2C1286-3240-44E2-884E-C17789FA5B8A}.Debug|Any CPU.Build.0 = Debug|Any CPU
		{1C2C1286-3240-44E2-884E-C17789FA5B8A}.Release|Any CPU.ActiveCfg = Release|Any CPU
		{1C2C1286-3240-44E2-884E-C17789FA5B8A}.Release|Any CPU.Build.0 = Release|Any CPU
	EndGlobalSection
	GlobalSection(SolutionProperties) = preSolution
		HideSolutionNode = FALSE
	EndGlobalSection
	GlobalSection(NestedProjects) = preSolution
		{EB6D452E-D67A-4A24-8C05-400207C2A99D} = {49C1EE71-21BA-4A6B-9902-A992AE430AB0}
		{1C2C1286-3240-44E2-884E-C17789FA5B8A} = {EB6D452E-D67A-4A24-8C05-400207C2A99D}
	EndGlobalSection
	GlobalSection(ExtensibilityGlobals) = postSolution
		SolutionGuid = {359D1BA5-F15F-4C5E-9864-AB9281635B57}
	EndGlobalSection
EndGlobal
